// !$*UTF8*$!
{
	archiveVersion = 1;
	classes = {
	};
	objectVersion = 50;
	objects = {

/* Begin PBXBuildFile section */
		2B801A282A060B2E008A70B3 /* AppDelegate.swift in Sources */ = {isa = PBXBuildFile; fileRef = 2B801A272A060B2E008A70B3 /* AppDelegate.swift */; };
		2B801A2A2A060B2E008A70B3 /* SceneDelegate.swift in Sources */ = {isa = PBXBuildFile; fileRef = 2B801A292A060B2E008A70B3 /* SceneDelegate.swift */; };
		2B801A2C2A060B2E008A70B3 /* ViewController.swift in Sources */ = {isa = PBXBuildFile; fileRef = 2B801A2B2A060B2E008A70B3 /* ViewController.swift */; };
		2B801A2F2A060B2E008A70B3 /* Main.storyboard in Resources */ = {isa = PBXBuildFile; fileRef = 2B801A2D2A060B2E008A70B3 /* Main.storyboard */; };
		2B801A312A060B30008A70B3 /* Assets.xcassets in Resources */ = {isa = PBXBuildFile; fileRef = 2B801A302A060B30008A70B3 /* Assets.xcassets */; };
		2B801A342A060B30008A70B3 /* LaunchScreen.storyboard in Resources */ = {isa = PBXBuildFile; fileRef = 2B801A322A060B30008A70B3 /* LaunchScreen.storyboard */; };
		2B801A3F2A060B31008A70B3 /* TicTacToeTests.swift in Sources */ = {isa = PBXBuildFile; fileRef = 2B801A3E2A060B31008A70B3 /* TicTacToeTests.swift */; };
		2B801A4A2A060B31008A70B3 /* TicTacToeUITests.swift in Sources */ = {isa = PBXBuildFile; fileRef = 2B801A492A060B31008A70B3 /* TicTacToeUITests.swift */; };
		2B801A592A060D21008A70B3 /* UITicTacToeView.swift in Sources */ = {isa = PBXBuildFile; fileRef = 2B801A582A060D21008A70B3 /* UITicTacToeView.swift */; };
		2B801A5C2A06257C008A70B3 /* Padding.swift in Sources */ = {isa = PBXBuildFile; fileRef = 2B801A5B2A06257C008A70B3 /* Padding.swift */; };
		2B801A5F2A06974C008A70B3 /* UITicTacToeDelegate.swift in Sources */ = {isa = PBXBuildFile; fileRef = 2B801A5E2A06974C008A70B3 /* UITicTacToeDelegate.swift */; };
/* End PBXBuildFile section */

/* Begin PBXContainerItemProxy section */
		2B801A3B2A060B31008A70B3 /* PBXContainerItemProxy */ = {
			isa = PBXContainerItemProxy;
			containerPortal = 2B801A1C2A060B2E008A70B3 /* Project object */;
			proxyType = 1;
			remoteGlobalIDString = 2B801A232A060B2E008A70B3;
			remoteInfo = TicTacToe;
		};
		2B801A462A060B31008A70B3 /* PBXContainerItemProxy */ = {
			isa = PBXContainerItemProxy;
			containerPortal = 2B801A1C2A060B2E008A70B3 /* Project object */;
			proxyType = 1;
			remoteGlobalIDString = 2B801A232A060B2E008A70B3;
			remoteInfo = TicTacToe;
		};
/* End PBXContainerItemProxy section */

/* Begin PBXFileReference section */
		2B801A242A060B2E008A70B3 /* TicTacToe.app */ = {isa = PBXFileReference; explicitFileType = wrapper.application; includeInIndex = 0; path = TicTacToe.app; sourceTree = BUILT_PRODUCTS_DIR; };
		2B801A272A060B2E008A70B3 /* AppDelegate.swift */ = {isa = PBXFileReference; lastKnownFileType = sourcecode.swift; path = AppDelegate.swift; sourceTree = "<group>"; };
		2B801A292A060B2E008A70B3 /* SceneDelegate.swift */ = {isa = PBXFileReference; lastKnownFileType = sourcecode.swift; path = SceneDelegate.swift; sourceTree = "<group>"; };
		2B801A2B2A060B2E008A70B3 /* ViewController.swift */ = {isa = PBXFileReference; lastKnownFileType = sourcecode.swift; path = ViewController.swift; sourceTree = "<group>"; };
		2B801A2E2A060B2E008A70B3 /* Base */ = {isa = PBXFileReference; lastKnownFileType = file.storyboard; name = Base; path = Base.lproj/Main.storyboard; sourceTree = "<group>"; };
		2B801A302A060B30008A70B3 /* Assets.xcassets */ = {isa = PBXFileReference; lastKnownFileType = folder.assetcatalog; path = Assets.xcassets; sourceTree = "<group>"; };
		2B801A332A060B30008A70B3 /* Base */ = {isa = PBXFileReference; lastKnownFileType = file.storyboard; name = Base; path = Base.lproj/LaunchScreen.storyboard; sourceTree = "<group>"; };
		2B801A352A060B30008A70B3 /* Info.plist */ = {isa = PBXFileReference; lastKnownFileType = text.plist.xml; path = Info.plist; sourceTree = "<group>"; };
		2B801A3A2A060B31008A70B3 /* TicTacToeTests.xctest */ = {isa = PBXFileReference; explicitFileType = wrapper.cfbundle; includeInIndex = 0; path = TicTacToeTests.xctest; sourceTree = BUILT_PRODUCTS_DIR; };
		2B801A3E2A060B31008A70B3 /* TicTacToeTests.swift */ = {isa = PBXFileReference; lastKnownFileType = sourcecode.swift; path = TicTacToeTests.swift; sourceTree = "<group>"; };
		2B801A402A060B31008A70B3 /* Info.plist */ = {isa = PBXFileReference; lastKnownFileType = text.plist.xml; path = Info.plist; sourceTree = "<group>"; };
		2B801A452A060B31008A70B3 /* TicTacToeUITests.xctest */ = {isa = PBXFileReference; explicitFileType = wrapper.cfbundle; includeInIndex = 0; path = TicTacToeUITests.xctest; sourceTree = BUILT_PRODUCTS_DIR; };
		2B801A492A060B31008A70B3 /* TicTacToeUITests.swift */ = {isa = PBXFileReference; lastKnownFileType = sourcecode.swift; path = TicTacToeUITests.swift; sourceTree = "<group>"; };
		2B801A4B2A060B31008A70B3 /* Info.plist */ = {isa = PBXFileReference; lastKnownFileType = text.plist.xml; path = Info.plist; sourceTree = "<group>"; };
		2B801A582A060D21008A70B3 /* UITicTacToeView.swift */ = {isa = PBXFileReference; lastKnownFileType = sourcecode.swift; path = UITicTacToeView.swift; sourceTree = "<group>"; };
		2B801A5B2A06257C008A70B3 /* Padding.swift */ = {isa = PBXFileReference; lastKnownFileType = sourcecode.swift; path = Padding.swift; sourceTree = "<group>"; };
		2B801A5E2A06974C008A70B3 /* UITicTacToeDelegate.swift */ = {isa = PBXFileReference; lastKnownFileType = sourcecode.swift; path = UITicTacToeDelegate.swift; sourceTree = "<group>"; };
/* End PBXFileReference section */

/* Begin PBXFrameworksBuildPhase section */
		2B801A212A060B2E008A70B3 /* Frameworks */ = {
			isa = PBXFrameworksBuildPhase;
			buildActionMask = 2147483647;
			files = (
			);
			runOnlyForDeploymentPostprocessing = 0;
		};
		2B801A372A060B31008A70B3 /* Frameworks */ = {
			isa = PBXFrameworksBuildPhase;
			buildActionMask = 2147483647;
			files = (
			);
			runOnlyForDeploymentPostprocessing = 0;
		};
		2B801A422A060B31008A70B3 /* Frameworks */ = {
			isa = PBXFrameworksBuildPhase;
			buildActionMask = 2147483647;
			files = (
			);
			runOnlyForDeploymentPostprocessing = 0;
		};
/* End PBXFrameworksBuildPhase section */

/* Begin PBXGroup section */
		2B801A1B2A060B2E008A70B3 = {
			isa = PBXGroup;
			children = (
				2B801A262A060B2E008A70B3 /* TicTacToe */,
				2B801A3D2A060B31008A70B3 /* TicTacToeTests */,
				2B801A482A060B31008A70B3 /* TicTacToeUITests */,
				2B801A252A060B2E008A70B3 /* Products */,
			);
			sourceTree = "<group>";
		};
		2B801A252A060B2E008A70B3 /* Products */ = {
			isa = PBXGroup;
			children = (
				2B801A242A060B2E008A70B3 /* TicTacToe.app */,
				2B801A3A2A060B31008A70B3 /* TicTacToeTests.xctest */,
				2B801A452A060B31008A70B3 /* TicTacToeUITests.xctest */,
			);
			name = Products;
			sourceTree = "<group>";
		};
		2B801A262A060B2E008A70B3 /* TicTacToe */ = {
			isa = PBXGroup;
			children = (
				2B801A5D2A06972F008A70B3 /* delegates */,
				2B801A5A2A06255B008A70B3 /* structures */,
				2B801A572A060D02008A70B3 /* views */,
				2B801A272A060B2E008A70B3 /* AppDelegate.swift */,
				2B801A292A060B2E008A70B3 /* SceneDelegate.swift */,
				2B801A2B2A060B2E008A70B3 /* ViewController.swift */,
				2B801A2D2A060B2E008A70B3 /* Main.storyboard */,
				2B801A302A060B30008A70B3 /* Assets.xcassets */,
				2B801A322A060B30008A70B3 /* LaunchScreen.storyboard */,
				2B801A352A060B30008A70B3 /* Info.plist */,
			);
			path = TicTacToe;
			sourceTree = "<group>";
		};
		2B801A3D2A060B31008A70B3 /* TicTacToeTests */ = {
			isa = PBXGroup;
			children = (
				2B801A3E2A060B31008A70B3 /* TicTacToeTests.swift */,
				2B801A402A060B31008A70B3 /* Info.plist */,
			);
			path = TicTacToeTests;
			sourceTree = "<group>";
		};
		2B801A482A060B31008A70B3 /* TicTacToeUITests */ = {
			isa = PBXGroup;
			children = (
				2B801A492A060B31008A70B3 /* TicTacToeUITests.swift */,
				2B801A4B2A060B31008A70B3 /* Info.plist */,
			);
			path = TicTacToeUITests;
			sourceTree = "<group>";
		};
		2B801A572A060D02008A70B3 /* views */ = {
			isa = PBXGroup;
			children = (
				2B801A582A060D21008A70B3 /* UITicTacToeView.swift */,
			);
			path = views;
			sourceTree = "<group>";
		};
		2B801A5A2A06255B008A70B3 /* structures */ = {
			isa = PBXGroup;
			children = (
				2B801A5B2A06257C008A70B3 /* Padding.swift */,
			);
			path = structures;
			sourceTree = "<group>";
		};
		2B801A5D2A06972F008A70B3 /* delegates */ = {
			isa = PBXGroup;
			children = (
				2B801A5E2A06974C008A70B3 /* UITicTacToeDelegate.swift */,
			);
			path = delegates;
			sourceTree = "<group>";
		};
/* End PBXGroup section */

/* Begin PBXNativeTarget section */
		2B801A232A060B2E008A70B3 /* TicTacToe */ = {
			isa = PBXNativeTarget;
			buildConfigurationList = 2B801A4E2A060B31008A70B3 /* Build configuration list for PBXNativeTarget "TicTacToe" */;
			buildPhases = (
				2B801A202A060B2E008A70B3 /* Sources */,
				2B801A212A060B2E008A70B3 /* Frameworks */,
				2B801A222A060B2E008A70B3 /* Resources */,
			);
			buildRules = (
			);
			dependencies = (
			);
			name = TicTacToe;
			productName = TicTacToe;
			productReference = 2B801A242A060B2E008A70B3 /* TicTacToe.app */;
			productType = "com.apple.product-type.application";
		};
		2B801A392A060B31008A70B3 /* TicTacToeTests */ = {
			isa = PBXNativeTarget;
			buildConfigurationList = 2B801A512A060B31008A70B3 /* Build configuration list for PBXNativeTarget "TicTacToeTests" */;
			buildPhases = (
				2B801A362A060B31008A70B3 /* Sources */,
				2B801A372A060B31008A70B3 /* Frameworks */,
				2B801A382A060B31008A70B3 /* Resources */,
			);
			buildRules = (
			);
			dependencies = (
				2B801A3C2A060B31008A70B3 /* PBXTargetDependency */,
			);
			name = TicTacToeTests;
			productName = TicTacToeTests;
			productReference = 2B801A3A2A060B31008A70B3 /* TicTacToeTests.xctest */;
			productType = "com.apple.product-type.bundle.unit-test";
		};
		2B801A442A060B31008A70B3 /* TicTacToeUITests */ = {
			isa = PBXNativeTarget;
			buildConfigurationList = 2B801A542A060B31008A70B3 /* Build configuration list for PBXNativeTarget "TicTacToeUITests" */;
			buildPhases = (
				2B801A412A060B31008A70B3 /* Sources */,
				2B801A422A060B31008A70B3 /* Frameworks */,
				2B801A432A060B31008A70B3 /* Resources */,
			);
			buildRules = (
			);
			dependencies = (
				2B801A472A060B31008A70B3 /* PBXTargetDependency */,
			);
			name = TicTacToeUITests;
			productName = TicTacToeUITests;
			productReference = 2B801A452A060B31008A70B3 /* TicTacToeUITests.xctest */;
			productType = "com.apple.product-type.bundle.ui-testing";
		};
/* End PBXNativeTarget section */

/* Begin PBXProject section */
		2B801A1C2A060B2E008A70B3 /* Project object */ = {
			isa = PBXProject;
			attributes = {
				LastSwiftUpdateCheck = 1250;
				LastUpgradeCheck = 1250;
				TargetAttributes = {
					2B801A232A060B2E008A70B3 = {
						CreatedOnToolsVersion = 12.5.1;
					};
					2B801A392A060B31008A70B3 = {
						CreatedOnToolsVersion = 12.5.1;
						TestTargetID = 2B801A232A060B2E008A70B3;
					};
					2B801A442A060B31008A70B3 = {
						CreatedOnToolsVersion = 12.5.1;
						TestTargetID = 2B801A232A060B2E008A70B3;
					};
				};
			};
			buildConfigurationList = 2B801A1F2A060B2E008A70B3 /* Build configuration list for PBXProject "TicTacToe" */;
			compatibilityVersion = "Xcode 9.3";
			developmentRegion = en;
			hasScannedForEncodings = 0;
			knownRegions = (
				en,
				Base,
			);
			mainGroup = 2B801A1B2A060B2E008A70B3;
			productRefGroup = 2B801A252A060B2E008A70B3 /* Products */;
			projectDirPath = "";
			projectRoot = "";
			targets = (
				2B801A232A060B2E008A70B3 /* TicTacToe */,
				2B801A392A060B31008A70B3 /* TicTacToeTests */,
				2B801A442A060B31008A70B3 /* TicTacToeUITests */,
			);
		};
/* End PBXProject section */

/* Begin PBXResourcesBuildPhase section */
		2B801A222A060B2E008A70B3 /* Resources */ = {
			isa = PBXResourcesBuildPhase;
			buildActionMask = 2147483647;
			files = (
				2B801A342A060B30008A70B3 /* LaunchScreen.storyboard in Resources */,
				2B801A312A060B30008A70B3 /* Assets.xcassets in Resources */,
				2B801A2F2A060B2E008A70B3 /* Main.storyboard in Resources */,
			);
			runOnlyForDeploymentPostprocessing = 0;
		};
		2B801A382A060B31008A70B3 /* Resources */ = {
			isa = PBXResourcesBuildPhase;
			buildActionMask = 2147483647;
			files = (
			);
			runOnlyForDeploymentPostprocessing = 0;
		};
		2B801A432A060B31008A70B3 /* Resources */ = {
			isa = PBXResourcesBuildPhase;
			buildActionMask = 2147483647;
			files = (
			);
			runOnlyForDeploymentPostprocessing = 0;
		};
/* End PBXResourcesBuildPhase section */

/* Begin PBXSourcesBuildPhase section */
		2B801A202A060B2E008A70B3 /* Sources */ = {
			isa = PBXSourcesBuildPhase;
			buildActionMask = 2147483647;
			files = (
				2B801A2C2A060B2E008A70B3 /* ViewController.swift in Sources */,
				2B801A5C2A06257C008A70B3 /* Padding.swift in Sources */,
				2B801A592A060D21008A70B3 /* UITicTacToeView.swift in Sources */,
				2B801A5F2A06974C008A70B3 /* UITicTacToeDelegate.swift in Sources */,
				2B801A282A060B2E008A70B3 /* AppDelegate.swift in Sources */,
				2B801A2A2A060B2E008A70B3 /* SceneDelegate.swift in Sources */,
			);
			runOnlyForDeploymentPostprocessing = 0;
		};
		2B801A362A060B31008A70B3 /* Sources */ = {
			isa = PBXSourcesBuildPhase;
			buildActionMask = 2147483647;
			files = (
				2B801A3F2A060B31008A70B3 /* TicTacToeTests.swift in Sources */,
			);
			runOnlyForDeploymentPostprocessing = 0;
		};
		2B801A412A060B31008A70B3 /* Sources */ = {
			isa = PBXSourcesBuildPhase;
			buildActionMask = 2147483647;
			files = (
				2B801A4A2A060B31008A70B3 /* TicTacToeUITests.swift in Sources */,
			);
			runOnlyForDeploymentPostprocessing = 0;
		};
/* End PBXSourcesBuildPhase section */

/* Begin PBXTargetDependency section */
		2B801A3C2A060B31008A70B3 /* PBXTargetDependency */ = {
			isa = PBXTargetDependency;
			target = 2B801A232A060B2E008A70B3 /* TicTacToe */;
			targetProxy = 2B801A3B2A060B31008A70B3 /* PBXContainerItemProxy */;
		};
		2B801A472A060B31008A70B3 /* PBXTargetDependency */ = {
			isa = PBXTargetDependency;
			target = 2B801A232A060B2E008A70B3 /* TicTacToe */;
			targetProxy = 2B801A462A060B31008A70B3 /* PBXContainerItemProxy */;
		};
/* End PBXTargetDependency section */

/* Begin PBXVariantGroup section */
		2B801A2D2A060B2E008A70B3 /* Main.storyboard */ = {
			isa = PBXVariantGroup;
			children = (
				2B801A2E2A060B2E008A70B3 /* Base */,
			);
			name = Main.storyboard;
			sourceTree = "<group>";
		};
		2B801A322A060B30008A70B3 /* LaunchScreen.storyboard */ = {
			isa = PBXVariantGroup;
			children = (
				2B801A332A060B30008A70B3 /* Base */,
			);
			name = LaunchScreen.storyboard;
			sourceTree = "<group>";
		};
/* End PBXVariantGroup section */

/* Begin XCBuildConfiguration section */
		2B801A4C2A060B31008A70B3 /* Debug */ = {
			isa = XCBuildConfiguration;
			buildSettings = {
				ALWAYS_SEARCH_USER_PATHS = NO;
				CLANG_ANALYZER_NONNULL = YES;
				CLANG_ANALYZER_NUMBER_OBJECT_CONVERSION = YES_AGGRESSIVE;
				CLANG_CXX_LANGUAGE_STANDARD = "gnu++14";
				CLANG_CXX_LIBRARY = "libc++";
				CLANG_ENABLE_MODULES = YES;
				CLANG_ENABLE_OBJC_ARC = YES;
				CLANG_ENABLE_OBJC_WEAK = YES;
				CLANG_WARN_BLOCK_CAPTURE_AUTORELEASING = YES;
				CLANG_WARN_BOOL_CONVERSION = YES;
				CLANG_WARN_COMMA = YES;
				CLANG_WARN_CONSTANT_CONVERSION = YES;
				CLANG_WARN_DEPRECATED_OBJC_IMPLEMENTATIONS = YES;
				CLANG_WARN_DIRECT_OBJC_ISA_USAGE = YES_ERROR;
				CLANG_WARN_DOCUMENTATION_COMMENTS = YES;
				CLANG_WARN_EMPTY_BODY = YES;
				CLANG_WARN_ENUM_CONVERSION = YES;
				CLANG_WARN_INFINITE_RECURSION = YES;
				CLANG_WARN_INT_CONVERSION = YES;
				CLANG_WARN_NON_LITERAL_NULL_CONVERSION = YES;
				CLANG_WARN_OBJC_IMPLICIT_RETAIN_SELF = YES;
				CLANG_WARN_OBJC_LITERAL_CONVERSION = YES;
				CLANG_WARN_OBJC_ROOT_CLASS = YES_ERROR;
				CLANG_WARN_QUOTED_INCLUDE_IN_FRAMEWORK_HEADER = YES;
				CLANG_WARN_RANGE_LOOP_ANALYSIS = YES;
				CLANG_WARN_STRICT_PROTOTYPES = YES;
				CLANG_WARN_SUSPICIOUS_MOVE = YES;
				CLANG_WARN_UNGUARDED_AVAILABILITY = YES_AGGRESSIVE;
				CLANG_WARN_UNREACHABLE_CODE = YES;
				CLANG_WARN__DUPLICATE_METHOD_MATCH = YES;
				COPY_PHASE_STRIP = NO;
				DEBUG_INFORMATION_FORMAT = dwarf;
				ENABLE_STRICT_OBJC_MSGSEND = YES;
				ENABLE_TESTABILITY = YES;
				GCC_C_LANGUAGE_STANDARD = gnu11;
				GCC_DYNAMIC_NO_PIC = NO;
				GCC_NO_COMMON_BLOCKS = YES;
				GCC_OPTIMIZATION_LEVEL = 0;
				GCC_PREPROCESSOR_DEFINITIONS = (
					"DEBUG=1",
					"$(inherited)",
				);
				GCC_WARN_64_TO_32_BIT_CONVERSION = YES;
				GCC_WARN_ABOUT_RETURN_TYPE = YES_ERROR;
				GCC_WARN_UNDECLARED_SELECTOR = YES;
				GCC_WARN_UNINITIALIZED_AUTOS = YES_AGGRESSIVE;
				GCC_WARN_UNUSED_FUNCTION = YES;
				GCC_WARN_UNUSED_VARIABLE = YES;
				IPHONEOS_DEPLOYMENT_TARGET = 14.5;
				MTL_ENABLE_DEBUG_INFO = INCLUDE_SOURCE;
				MTL_FAST_MATH = YES;
				ONLY_ACTIVE_ARCH = YES;
				SDKROOT = iphoneos;
				SWIFT_ACTIVE_COMPILATION_CONDITIONS = DEBUG;
				SWIFT_OPTIMIZATION_LEVEL = "-Onone";
			};
			name = Debug;
		};
		2B801A4D2A060B31008A70B3 /* Release */ = {
			isa = XCBuildConfiguration;
			buildSettings = {
				ALWAYS_SEARCH_USER_PATHS = NO;
				CLANG_ANALYZER_NONNULL = YES;
				CLANG_ANALYZER_NUMBER_OBJECT_CONVERSION = YES_AGGRESSIVE;
				CLANG_CXX_LANGUAGE_STANDARD = "gnu++14";
				CLANG_CXX_LIBRARY = "libc++";
				CLANG_ENABLE_MODULES = YES;
				CLANG_ENABLE_OBJC_ARC = YES;
				CLANG_ENABLE_OBJC_WEAK = YES;
				CLANG_WARN_BLOCK_CAPTURE_AUTORELEASING = YES;
				CLANG_WARN_BOOL_CONVERSION = YES;
				CLANG_WARN_COMMA = YES;
				CLANG_WARN_CONSTANT_CONVERSION = YES;
				CLANG_WARN_DEPRECATED_OBJC_IMPLEMENTATIONS = YES;
				CLANG_WARN_DIRECT_OBJC_ISA_USAGE = YES_ERROR;
				CLANG_WARN_DOCUMENTATION_COMMENTS = YES;
				CLANG_WARN_EMPTY_BODY = YES;
				CLANG_WARN_ENUM_CONVERSION = YES;
				CLANG_WARN_INFINITE_RECURSION = YES;
				CLANG_WARN_INT_CONVERSION = YES;
				CLANG_WARN_NON_LITERAL_NULL_CONVERSION = YES;
				CLANG_WARN_OBJC_IMPLICIT_RETAIN_SELF = YES;
				CLANG_WARN_OBJC_LITERAL_CONVERSION = YES;
				CLANG_WARN_OBJC_ROOT_CLASS = YES_ERROR;
				CLANG_WARN_QUOTED_INCLUDE_IN_FRAMEWORK_HEADER = YES;
				CLANG_WARN_RANGE_LOOP_ANALYSIS = YES;
				CLANG_WARN_STRICT_PROTOTYPES = YES;
				CLANG_WARN_SUSPICIOUS_MOVE = YES;
				CLANG_WARN_UNGUARDED_AVAILABILITY = YES_AGGRESSIVE;
				CLANG_WARN_UNREACHABLE_CODE = YES;
				CLANG_WARN__DUPLICATE_METHOD_MATCH = YES;
				COPY_PHASE_STRIP = NO;
				DEBUG_INFORMATION_FORMAT = "dwarf-with-dsym";
				ENABLE_NS_ASSERTIONS = NO;
				ENABLE_STRICT_OBJC_MSGSEND = YES;
				GCC_C_LANGUAGE_STANDARD = gnu11;
				GCC_NO_COMMON_BLOCKS = YES;
				GCC_WARN_64_TO_32_BIT_CONVERSION = YES;
				GCC_WARN_ABOUT_RETURN_TYPE = YES_ERROR;
				GCC_WARN_UNDECLARED_SELECTOR = YES;
				GCC_WARN_UNINITIALIZED_AUTOS = YES_AGGRESSIVE;
				GCC_WARN_UNUSED_FUNCTION = YES;
				GCC_WARN_UNUSED_VARIABLE = YES;
				IPHONEOS_DEPLOYMENT_TARGET = 14.5;
				MTL_ENABLE_DEBUG_INFO = NO;
				MTL_FAST_MATH = YES;
				SDKROOT = iphoneos;
				SWIFT_COMPILATION_MODE = wholemodule;
				SWIFT_OPTIMIZATION_LEVEL = "-O";
				VALIDATE_PRODUCT = YES;
			};
			name = Release;
		};
		2B801A4F2A060B31008A70B3 /* Debug */ = {
			isa = XCBuildConfiguration;
			buildSettings = {
				ASSETCATALOG_COMPILER_APPICON_NAME = AppIcon;
				ASSETCATALOG_COMPILER_GLOBAL_ACCENT_COLOR_NAME = AccentColor;
				CODE_SIGN_STYLE = Automatic;
				DEVELOPMENT_TEAM = BK45F2432S;
				INFOPLIST_FILE = TicTacToe/Info.plist;
				LD_RUNPATH_SEARCH_PATHS = (
					"$(inherited)",
					"@executable_path/Frameworks",
				);
				PRODUCT_BUNDLE_IDENTIFIER = good.app.game.TicTacToe;
				PRODUCT_NAME = "$(TARGET_NAME)";
				SWIFT_VERSION = 5.0;
				TARGETED_DEVICE_FAMILY = "1,2";
			};
			name = Debug;
		};
		2B801A502A060B31008A70B3 /* Release */ = {
			isa = XCBuildConfiguration;
			buildSettings = {
				ASSETCATALOG_COMPILER_APPICON_NAME = AppIcon;
				ASSETCATALOG_COMPILER_GLOBAL_ACCENT_COLOR_NAME = AccentColor;
				CODE_SIGN_STYLE = Automatic;
				DEVELOPMENT_TEAM = BK45F2432S;
				INFOPLIST_FILE = TicTacToe/Info.plist;
				LD_RUNPATH_SEARCH_PATHS = (
					"$(inherited)",
					"@executable_path/Frameworks",
				);
				PRODUCT_BUNDLE_IDENTIFIER = good.app.game.TicTacToe;
				PRODUCT_NAME = "$(TARGET_NAME)";
				SWIFT_VERSION = 5.0;
				TARGETED_DEVICE_FAMILY = "1,2";
			};
			name = Release;
		};
		2B801A522A060B31008A70B3 /* Debug */ = {
			isa = XCBuildConfiguration;
			buildSettings = {
				ALWAYS_EMBED_SWIFT_STANDARD_LIBRARIES = YES;
				BUNDLE_LOADER = "$(TEST_HOST)";
				CODE_SIGN_STYLE = Automatic;
				DEVELOPMENT_TEAM = BK45F2432S;
				INFOPLIST_FILE = TicTacToeTests/Info.plist;
				IPHONEOS_DEPLOYMENT_TARGET = 14.5;
				LD_RUNPATH_SEARCH_PATHS = (
					"$(inherited)",
					"@executable_path/Frameworks",
					"@loader_path/Frameworks",
				);
				PRODUCT_BUNDLE_IDENTIFIER = good.app.game.TicTacToeTests;
				PRODUCT_NAME = "$(TARGET_NAME)";
				SWIFT_VERSION = 5.0;
				TARGETED_DEVICE_FAMILY = "1,2";
				TEST_HOST = "$(BUILT_PRODUCTS_DIR)/TicTacToe.app/TicTacToe";
			};
			name = Debug;
		};
		2B801A532A060B31008A70B3 /* Release */ = {
			isa = XCBuildConfiguration;
			buildSettings = {
				ALWAYS_EMBED_SWIFT_STANDARD_LIBRARIES = YES;
				BUNDLE_LOADER = "$(TEST_HOST)";
				CODE_SIGN_STYLE = Automatic;
				DEVELOPMENT_TEAM = BK45F2432S;
				INFOPLIST_FILE = TicTacToeTests/Info.plist;
				IPHONEOS_DEPLOYMENT_TARGET = 14.5;
				LD_RUNPATH_SEARCH_PATHS = (
					"$(inherited)",
					"@executable_path/Frameworks",
					"@loader_path/Frameworks",
				);
				PRODUCT_BUNDLE_IDENTIFIER = good.app.game.TicTacToeTests;
				PRODUCT_NAME = "$(TARGET_NAME)";
				SWIFT_VERSION = 5.0;
				TARGETED_DEVICE_FAMILY = "1,2";
				TEST_HOST = "$(BUILT_PRODUCTS_DIR)/TicTacToe.app/TicTacToe";
			};
			name = Release;
		};
		2B801A552A060B31008A70B3 /* Debug */ = {
			isa = XCBuildConfiguration;
			buildSettings = {
				ALWAYS_EMBED_SWIFT_STANDARD_LIBRARIES = YES;
				CODE_SIGN_STYLE = Automatic;
				DEVELOPMENT_TEAM = BK45F2432S;
				INFOPLIST_FILE = TicTacToeUITests/Info.plist;
				LD_RUNPATH_SEARCH_PATHS = (
					"$(inherited)",
					"@executable_path/Frameworks",
					"@loader_path/Frameworks",
				);
				PRODUCT_BUNDLE_IDENTIFIER = good.app.game.TicTacToeUITests;
				PRODUCT_NAME = "$(TARGET_NAME)";
				SWIFT_VERSION = 5.0;
				TARGETED_DEVICE_FAMILY = "1,2";
				TEST_TARGET_NAME = TicTacToe;
			};
			name = Debug;
		};
		2B801A562A060B31008A70B3 /* Release */ = {
			isa = XCBuildConfiguration;
			buildSettings = {
				ALWAYS_EMBED_SWIFT_STANDARD_LIBRARIES = YES;
				CODE_SIGN_STYLE = Automatic;
				DEVELOPMENT_TEAM = BK45F2432S;
				INFOPLIST_FILE = TicTacToeUITests/Info.plist;
				LD_RUNPATH_SEARCH_PATHS = (
					"$(inherited)",
					"@executable_path/Frameworks",
					"@loader_path/Frameworks",
				);
				PRODUCT_BUNDLE_IDENTIFIER = good.app.game.TicTacToeUITests;
				PRODUCT_NAME = "$(TARGET_NAME)";
				SWIFT_VERSION = 5.0;
				TARGETED_DEVICE_FAMILY = "1,2";
				TEST_TARGET_NAME = TicTacToe;
			};
			name = Release;
		};
/* End XCBuildConfiguration section */

/* Begin XCConfigurationList section */
		2B801A1F2A060B2E008A70B3 /* Build configuration list for PBXProject "TicTacToe" */ = {
			isa = XCConfigurationList;
			buildConfigurations = (
				2B801A4C2A060B31008A70B3 /* Debug */,
				2B801A4D2A060B31008A70B3 /* Release */,
			);
			defaultConfigurationIsVisible = 0;
			defaultConfigurationName = Release;
		};
		2B801A4E2A060B31008A70B3 /* Build configuration list for PBXNativeTarget "TicTacToe" */ = {
			isa = XCConfigurationList;
			buildConfigurations = (
				2B801A4F2A060B31008A70B3 /* Debug */,
				2B801A502A060B31008A70B3 /* Release */,
			);
			defaultConfigurationIsVisible = 0;
			defaultConfigurationName = Release;
		};
		2B801A512A060B31008A70B3 /* Build configuration list for PBXNativeTarget "TicTacToeTests" */ = {
			isa = XCConfigurationList;
			buildConfigurations = (
				2B801A522A060B31008A70B3 /* Debug */,
				2B801A532A060B31008A70B3 /* Release */,
			);
			defaultConfigurationIsVisible = 0;
			defaultConfigurationName = Release;
		};
		2B801A542A060B31008A70B3 /* Build configuration list for PBXNativeTarget "TicTacToeUITests" */ = {
			isa = XCConfigurationList;
			buildConfigurations = (
				2B801A552A060B31008A70B3 /* Debug */,
				2B801A562A060B31008A70B3 /* Release */,
			);
			defaultConfigurationIsVisible = 0;
			defaultConfigurationName = Release;
		};
/* End XCConfigurationList section */
	};
	rootObject = 2B801A1C2A060B2E008A70B3 /* Project object */;
}
